
Microsoft Visual Studio Solution File, Format Version 12.00
# Visual Studio Version 16
VisualStudioVersion = 16.0.30413.136
MinimumVisualStudioVersion = 10.0.40219.1
Project("{FAE04EC0-301F-11D3-BF4B-00C04F79EFBC}") = "SignalRChat", "SignalRChat\SignalRChat.csproj", "{4DA5736C-24EE-464E-897D-46E91AF7F418}"
EndProject
Global
	GlobalSection(SolutionConfigurationPlatforms) = preSolution
		Debug|Any CPU = Debug|Any CPU
		Release|Any CPU = Release|Any CPU
	EndGlobalSection
	GlobalSection(ProjectConfigurationPlatforms) = postSolution
		{4DA5736C-24EE-464E-897D-46E91AF7F418}.Debug|Any CPU.ActiveCfg = Debug|Any CPU
		{4DA5736C-24EE-464E-897D-46E91AF7F418}.Debug|Any CPU.Build.0 = Debug|Any CPU
		{4DA5736C-24EE-464E-897D-46E91AF7F418}.Release|Any CPU.ActiveCfg = Release|Any CPU
		{4DA5736C-24EE-464E-897D-46E91AF7F418}.Release|Any CPU.Build.0 = Release|Any CPU
	EndGlobalSection
	GlobalSection(SolutionProperties) = preSolution
		HideSolutionNode = FALSE
	EndGlobalSection
	GlobalSection(ExtensibilityGlobals) = postSolution
		SolutionGuid = {BB1E65A0-2B5C-4557-8425-57E69EEF0200}
	EndGlobalSection
EndGlobal
